{
  "name": "knowledge-work-sdlc",
  "version": "0.7.1",
  "lockfileVersion": 3,
  "requires": true,
  "packages": {
    "": {
      "name": "knowledge-work-sdlc",
      "version": "0.7.1",
      "license": "SEE LICENSE IN LICENSE.md",
      "bin": {
        "knowledge-work-sdlc": "bin/knowledge-work-sdlc.cjs"
      },
      "engines": {
        "node": ">=22"
      }
    }
  }
}
